{
  "nodes": {
    "bgfx": {
      "inputs": {
        "nixpkgs": "nixpkgs"
      },
      "locked": {
        "lastModified": 1708169810,
        "narHash": "sha256-1xGy+Rja9YNUWAc70ckc5H6tEmLeSPCUJ8T//eWKE1s=",
        "ref": "refs/heads/main",
        "rev": "89a48c5573de712d41c3bd45a7d55cd0106bacf7",
        "revCount": 10,
        "submodules": true,
        "type": "git",
        "url": "https://github.com/LDprg/bgfx.meson"
      },
      "original": {
        "submodules": true,
        "type": "git",
        "url": "https://github.com/LDprg/bgfx.meson"
      }
    },
    "dylib": {
      "inputs": {
        "nixpkgs": "nixpkgs_2"
      },
      "locked": {
        "lastModified": 1708170334,
        "narHash": "sha256-bdYkfmxzv30+EQ4hXmIZ07rsyjz9YtSGEIOzUBDPJpM=",
        "ref": "refs/heads/main",
        "rev": "4cfc6d967e2735eb355ba993f6c95a5bd4d81a89",
        "revCount": 2,
        "submodules": true,
        "type": "git",
        "url": "https://github.com/LDprg/dylib.meson"
      },
      "original": {
        "submodules": true,
        "type": "git",
        "url": "https://github.com/LDprg/dylib.meson"
      }
    },
    "nixpkgs": {
      "locked": {
        "lastModified": 1707956935,
        "narHash": "sha256-ZL2TrjVsiFNKOYwYQozpbvQSwvtV/3Me7Zwhmdsfyu4=",
        "owner": "NixOS",
        "repo": "nixpkgs",
        "rev": "a4d4fe8c5002202493e87ec8dbc91335ff55552c",
        "type": "github"
      },
      "original": {
        "id": "nixpkgs",
        "ref": "nixos-unstable",
        "type": "indirect"
      }
    },
    "nixpkgs_2": {
      "locked": {
        "lastModified": 1708475490,
        "narHash": "sha256-g1v0TsWBQPX97ziznfJdWhgMyMGtoBFs102xSYO4syU=",
        "owner": "NixOS",
        "repo": "nixpkgs",
        "rev": "0e74ca98a74bc7270d28838369593635a5db3260",
        "type": "github"
      },
      "original": {
        "id": "nixpkgs",
        "ref": "nixos-unstable",
        "type": "indirect"
      }
    },
    "nixpkgs_3": {
      "locked": {
        "lastModified": 1708475490,
        "narHash": "sha256-g1v0TsWBQPX97ziznfJdWhgMyMGtoBFs102xSYO4syU=",
        "owner": "NixOS",
        "repo": "nixpkgs",
        "rev": "0e74ca98a74bc7270d28838369593635a5db3260",
        "type": "github"
      },
      "original": {
        "id": "nixpkgs",
        "ref": "nixos-unstable",
        "type": "indirect"
      }
    },
    "root": {
      "inputs": {
        "bgfx": "bgfx",
        "dylib": "dylib",
        "nixpkgs": "nixpkgs_3"
      }
    }
  },
  "root": "root",
  "version": 7
}
