{
  "nodes": {
    "bgfx": {
      "flake": false,
      "locked": {
        "lastModified": 1708884172,
        "narHash": "sha256-vJ8Eg67CHQOvgSw6AFKgPQ8Jmg2sBBNuRRMqkS7wvAQ=",
        "ref": "refs/heads/main",
        "rev": "571794888777698bc8e865ad9c83f44e437b17a1",
        "revCount": 24,
        "submodules": true,
        "type": "git",
        "url": "https://github.com/LDprg/bgfx.meson"
      },
      "original": {
        "submodules": true,
        "type": "git",
        "url": "https://github.com/LDprg/bgfx.meson"
      }
    },
    "dylib": {
      "flake": false,
      "locked": {
        "lastModified": 1708884090,
        "narHash": "sha256-bsUoCK+1Hp8IsuCina153+ob5d5bBGmFawKP3YfImuQ=",
        "ref": "refs/heads/main",
        "rev": "f1ef935d90f17d0b29b72c5bf401e7b4d0328bc4",
        "revCount": 6,
        "submodules": true,
        "type": "git",
        "url": "https://github.com/LDprg/dylib.meson"
      },
      "original": {
        "submodules": true,
        "type": "git",
        "url": "https://github.com/LDprg/dylib.meson"
      }
    },
    "flake-utils": {
      "inputs": {
        "systems": "systems"
      },
      "locked": {
        "lastModified": 1705309234,
        "narHash": "sha256-uNRRNRKmJyCRC/8y1RqBkqWBLM034y4qN7EprSdmgyA=",
        "owner": "numtide",
        "repo": "flake-utils",
        "rev": "1ef2e671c3b0c19053962c07dbda38332dcebf26",
        "type": "github"
      },
      "original": {
        "owner": "numtide",
        "repo": "flake-utils",
        "type": "github"
      }
    },
    "nixpkgs": {
      "locked": {
        "lastModified": 1708807242,
        "narHash": "sha256-sRTRkhMD4delO/hPxxi+XwLqPn8BuUq6nnj4JqLwOu0=",
        "owner": "NixOS",
        "repo": "nixpkgs",
        "rev": "73de017ef2d18a04ac4bfd0c02650007ccb31c2a",
        "type": "github"
      },
      "original": {
        "id": "nixpkgs",
        "ref": "nixos-unstable",
        "type": "indirect"
      }
    },
    "root": {
      "inputs": {
        "bgfx": "bgfx",
        "dylib": "dylib",
        "flake-utils": "flake-utils",
        "nixpkgs": "nixpkgs"
      }
    },
    "systems": {
      "locked": {
        "lastModified": 1681028828,
        "narHash": "sha256-Vy1rq5AaRuLzOxct8nz4T6wlgyUR7zLU309k9mBC768=",
        "owner": "nix-systems",
        "repo": "default",
        "rev": "da67096a3b9bf56a91d16901293e51ba5b49a27e",
        "type": "github"
      },
      "original": {
        "owner": "nix-systems",
        "repo": "default",
        "type": "github"
      }
    }
  },
  "root": "root",
  "version": 7
}
